
Microsoft Visual Studio Solution File, Format Version 10.00
# Visual Studio 2008
Project("{2150E333-8FDC-42A3-9474-1A3956D46DE8}") = "MoonBase", "MoonBase", "{AAA7FAF3-7495-422B-8967-8026963B47DC}"
EndProject
Project("{FAE04EC0-301F-11D3-BF4B-00C04F79EFBC}") = "Mono.MoonDesk.MoonWindow", "Mono.MoonDesk.MoonWindow\Mono.MoonDesk.MoonWindow.csproj", "{CD0E36E5-B863-4500-BE20-2CDBB5F9842E}"
EndProject
Project("{FAE04EC0-301F-11D3-BF4B-00C04F79EFBC}") = "Mono.MoonDesk.ViewLoader", "Mono.MoonDesk.ViewLoader\Mono.MoonDesk.ViewLoader.csproj", "{2A1A91BB-D576-47E0-A365-6D2418C0235D}"
EndProject
Global
	GlobalSection(SolutionConfigurationPlatforms) = preSolution
		Debug|x86 = Debug|x86
		Release|x86 = Release|x86
	EndGlobalSection
	GlobalSection(ProjectConfigurationPlatforms) = postSolution
		{2A1A91BB-D576-47E0-A365-6D2418C0235D}.Debug|x86.ActiveCfg = Debug|Any CPU
		{2A1A91BB-D576-47E0-A365-6D2418C0235D}.Debug|x86.Build.0 = Debug|Any CPU
		{2A1A91BB-D576-47E0-A365-6D2418C0235D}.Release|x86.ActiveCfg = Release|Any CPU
		{2A1A91BB-D576-47E0-A365-6D2418C0235D}.Release|x86.Build.0 = Release|Any CPU
		{CD0E36E5-B863-4500-BE20-2CDBB5F9842E}.Debug|x86.ActiveCfg = Debug|Any CPU
		{CD0E36E5-B863-4500-BE20-2CDBB5F9842E}.Debug|x86.Build.0 = Debug|Any CPU
		{CD0E36E5-B863-4500-BE20-2CDBB5F9842E}.Release|x86.ActiveCfg = Release|Any CPU
		{CD0E36E5-B863-4500-BE20-2CDBB5F9842E}.Release|x86.Build.0 = Release|Any CPU
	EndGlobalSection
	GlobalSection(NestedProjects) = preSolution
		{CD0E36E5-B863-4500-BE20-2CDBB5F9842E} = {AAA7FAF3-7495-422B-8967-8026963B47DC}
		{2A1A91BB-D576-47E0-A365-6D2418C0235D} = {AAA7FAF3-7495-422B-8967-8026963B47DC}
	EndGlobalSection
	GlobalSection(MonoDevelopProperties) = preSolution
		StartupItem = MoonWindow\Mono.MoonDesk.MoonWindow.csproj
		Policies = $0
		$0.DotNetNamingPolicy = $1
		$1.DirectoryNamespaceAssociation = None
		$1.ResourceNamePolicy = FileFormatDefault
	EndGlobalSection
EndGlobal
