
Microsoft Visual Studio Solution File, Format Version 10.00
# Visual Studio 2008
Project("{FAE04EC0-301F-11D3-BF4B-00C04F79EFBC}") = "slpbrowser", "slpbrowser\slpbrowser.csproj", "{C0B09E14-1A4D-43CE-8CBE-6F65A3E6C09B}"
EndProject
Global
	GlobalSection(SolutionConfigurationPlatforms) = preSolution
		Debug|x86 = Debug|x86
		Release|x86 = Release|x86
	EndGlobalSection
	GlobalSection(ProjectConfigurationPlatforms) = postSolution
		{C0B09E14-1A4D-43CE-8CBE-6F65A3E6C09B}.Debug|x86.ActiveCfg = Debug|x86
		{C0B09E14-1A4D-43CE-8CBE-6F65A3E6C09B}.Debug|x86.Build.0 = Debug|x86
		{C0B09E14-1A4D-43CE-8CBE-6F65A3E6C09B}.Release|x86.ActiveCfg = Release|x86
		{C0B09E14-1A4D-43CE-8CBE-6F65A3E6C09B}.Release|x86.Build.0 = Release|x86
	EndGlobalSection
	GlobalSection(MonoDevelopProperties) = preSolution
		StartupItem = slpbrowser\slpbrowser.csproj
	EndGlobalSection
EndGlobal
