
Microsoft Visual Studio Solution File, Format Version 10.00
# Visual Studio 2008
Project("{FAE04EC0-301F-11D3-BF4B-00C04F79EFBC}") = "slpbrowser", "slpbrowser\slpbrowser.csproj", "{C0B09E14-1A4D-43CE-8CBE-6F65A3E6C09B}"
EndProject
Project("{FAE04EC0-301F-11D3-BF4B-00C04F79EFBC}") = "AsyncCore", "AsyncCore\AsyncCore.csproj", "{F4D48284-EEE3-4EEF-913A-DC67CCF1FEC1}"
EndProject
Project("{FAE04EC0-301F-11D3-BF4B-00C04F79EFBC}") = "SlpModel", "SlpModel\SlpModel.csproj", "{A899FDD9-1173-444B-865A-C66DE8941E16}"
EndProject
Project("{FAE04EC0-301F-11D3-BF4B-00C04F79EFBC}") = "ViewModels", "ViewModels\ViewModels.csproj", "{67035813-578D-4EAF-A304-647872C7DB06}"
EndProject
Project("{FAE04EC0-301F-11D3-BF4B-00C04F79EFBC}") = "Views", "Views\Views.csproj", "{38A57CC8-3497-42A6-B93F-E557D178E6A7}"
EndProject
Global
	GlobalSection(SolutionConfigurationPlatforms) = preSolution
		Debug|Any CPU = Debug|Any CPU
		Release|Any CPU = Release|Any CPU
	EndGlobalSection
	GlobalSection(ProjectConfigurationPlatforms) = postSolution
		{38A57CC8-3497-42A6-B93F-E557D178E6A7}.Debug|Any CPU.ActiveCfg = Debug|Any CPU
		{38A57CC8-3497-42A6-B93F-E557D178E6A7}.Debug|Any CPU.Build.0 = Debug|Any CPU
		{38A57CC8-3497-42A6-B93F-E557D178E6A7}.Release|Any CPU.ActiveCfg = Release|Any CPU
		{38A57CC8-3497-42A6-B93F-E557D178E6A7}.Release|Any CPU.Build.0 = Release|Any CPU
		{67035813-578D-4EAF-A304-647872C7DB06}.Debug|Any CPU.ActiveCfg = Debug|Any CPU
		{67035813-578D-4EAF-A304-647872C7DB06}.Debug|Any CPU.Build.0 = Debug|Any CPU
		{67035813-578D-4EAF-A304-647872C7DB06}.Release|Any CPU.ActiveCfg = Release|Any CPU
		{67035813-578D-4EAF-A304-647872C7DB06}.Release|Any CPU.Build.0 = Release|Any CPU
		{A899FDD9-1173-444B-865A-C66DE8941E16}.Debug|Any CPU.ActiveCfg = Debug|Any CPU
		{A899FDD9-1173-444B-865A-C66DE8941E16}.Debug|Any CPU.Build.0 = Debug|Any CPU
		{A899FDD9-1173-444B-865A-C66DE8941E16}.Release|Any CPU.ActiveCfg = Release|Any CPU
		{A899FDD9-1173-444B-865A-C66DE8941E16}.Release|Any CPU.Build.0 = Release|Any CPU
		{C0B09E14-1A4D-43CE-8CBE-6F65A3E6C09B}.Debug|Any CPU.ActiveCfg = Debug|Any CPU
		{C0B09E14-1A4D-43CE-8CBE-6F65A3E6C09B}.Debug|Any CPU.Build.0 = Debug|Any CPU
		{C0B09E14-1A4D-43CE-8CBE-6F65A3E6C09B}.Release|Any CPU.ActiveCfg = Release|Any CPU
		{C0B09E14-1A4D-43CE-8CBE-6F65A3E6C09B}.Release|Any CPU.Build.0 = Release|Any CPU
		{F4D48284-EEE3-4EEF-913A-DC67CCF1FEC1}.Debug|Any CPU.ActiveCfg = Debug|Any CPU
		{F4D48284-EEE3-4EEF-913A-DC67CCF1FEC1}.Debug|Any CPU.Build.0 = Debug|Any CPU
		{F4D48284-EEE3-4EEF-913A-DC67CCF1FEC1}.Release|Any CPU.ActiveCfg = Release|Any CPU
		{F4D48284-EEE3-4EEF-913A-DC67CCF1FEC1}.Release|Any CPU.Build.0 = Release|Any CPU
	EndGlobalSection
	GlobalSection(MonoDevelopProperties) = preSolution
		StartupItem = slpbrowser\slpbrowser.csproj
	EndGlobalSection
EndGlobal
